
Microsoft Visual Studio Solution File, Format Version 12.00
# Visual Studio Version 17
VisualStudioVersion = 17.9.34728.123
MinimumVisualStudioVersion = 10.0.40219.1
Project("{FAE04EC0-301F-11D3-BF4B-00C04F79EFBC}") = "WebApplication", "WebApplication\WebApplication.csproj", "{17610EE4-A6AF-4590-9A4D-68937F08883D}"
EndProject
Project("{FAE04EC0-301F-11D3-BF4B-00C04F79EFBC}") = "Dominio", "Dominio\Dominio.csproj", "{6F3446BA-8D99-48F4-B8DF-22015EC864C1}"
EndProject
Project("{FAE04EC0-301F-11D3-BF4B-00C04F79EFBC}") = "Negocio", "Negocio\Negocio.csproj", "{9FAC73A0-FF2E-4879-8316-9D08C141C3EC}"
EndProject
Global
	GlobalSection(SolutionConfigurationPlatforms) = preSolution
		Debug|Any CPU = Debug|Any CPU
		Release|Any CPU = Release|Any CPU
	EndGlobalSection
	GlobalSection(ProjectConfigurationPlatforms) = postSolution
		{17610EE4-A6AF-4590-9A4D-68937F08883D}.Debug|Any CPU.ActiveCfg = Debug|Any CPU
		{17610EE4-A6AF-4590-9A4D-68937F08883D}.Debug|Any CPU.Build.0 = Debug|Any CPU
		{17610EE4-A6AF-4590-9A4D-68937F08883D}.Release|Any CPU.ActiveCfg = Release|Any CPU
		{17610EE4-A6AF-4590-9A4D-68937F08883D}.Release|Any CPU.Build.0 = Release|Any CPU
		{6F3446BA-8D99-48F4-B8DF-22015EC864C1}.Debug|Any CPU.ActiveCfg = Debug|Any CPU
		{6F3446BA-8D99-48F4-B8DF-22015EC864C1}.Debug|Any CPU.Build.0 = Debug|Any CPU
		{6F3446BA-8D99-48F4-B8DF-22015EC864C1}.Release|Any CPU.ActiveCfg = Release|Any CPU
		{6F3446BA-8D99-48F4-B8DF-22015EC864C1}.Release|Any CPU.Build.0 = Release|Any CPU
		{9FAC73A0-FF2E-4879-8316-9D08C141C3EC}.Debug|Any CPU.ActiveCfg = Debug|Any CPU
		{9FAC73A0-FF2E-4879-8316-9D08C141C3EC}.Debug|Any CPU.Build.0 = Debug|Any CPU
		{9FAC73A0-FF2E-4879-8316-9D08C141C3EC}.Release|Any CPU.ActiveCfg = Release|Any CPU
		{9FAC73A0-FF2E-4879-8316-9D08C141C3EC}.Release|Any CPU.Build.0 = Release|Any CPU
	EndGlobalSection
	GlobalSection(SolutionProperties) = preSolution
		HideSolutionNode = FALSE
	EndGlobalSection
	GlobalSection(ExtensibilityGlobals) = postSolution
		SolutionGuid = {8B980903-78D2-41FF-BD00-275C4B697FBF}
	EndGlobalSection
EndGlobal
